# This file was autogenerated by uv via the following command:
#    uv pip compile pyproject.toml --extra all --extra dev --output-file uv.lock
aiofiles==24.1.0
    # via gradio
aiohappyeyeballs==2.6.1
    # via aiohttp
aiohttp==3.11.18
    # via voyageai
aiolimiter==1.2.1
    # via voyageai
aiosignal==1.3.2
    # via aiohttp
annotated-types==0.7.0
    # via pydantic
anthropic==0.51.0
    # via pydantic-ai-slim
anyio==4.9.0
    # via
    #   anthropic
    #   gradio
    #   groq
    #   httpx
    #   mcp
    #   openai
    #   pydantic-evals
    #   sse-starlette
    #   starlette
    #   watchfiles
argcomplete==3.6.2
    # via pydantic-ai-slim
asgiref==3.8.1
    # via opentelemetry-instrumentation-asgi
attrs==25.3.0
    # via aiohttp
backoff==2.2.1
    # via posthog
bcrypt==4.3.0
    # via chromadb
boto3==1.38.13
    # via pydantic-ai-slim
botocore==1.38.13
    # via
    #   boto3
    #   s3transfer
build==1.2.2.post1
    # via chromadb
cachetools==5.5.2
    # via google-auth
certifi==2025.4.26
    # via
    #   httpcore
    #   httpx
    #   kubernetes
    #   requests
charset-normalizer==3.4.2
    # via requests
chroma-hnswlib==0.7.6
    # via chromadb
chromadb==0.6.3
    # via knowlang (pyproject.toml)
click==8.2.0
    # via
    #   typer
    #   uvicorn
cohere==5.15.0
    # via pydantic-ai-slim
colorama==0.4.6
    # via griffe
coloredlogs==15.0.1
    # via onnxruntime
deprecated==1.2.18
    # via
    #   opentelemetry-api
    #   opentelemetry-exporter-otlp-proto-grpc
    #   opentelemetry-exporter-otlp-proto-http
    #   opentelemetry-semantic-conventions
    #   vecs
distro==1.9.0
    # via
    #   anthropic
    #   groq
    #   openai
    #   posthog
durationpy==0.9
    # via kubernetes
einops==0.8.1
    # via knowlang (pyproject.toml)
eval-type-backport==0.2.2
    # via
    #   mistralai
    #   pydantic-ai-slim
executing==2.2.0
    # via logfire
fastapi==0.115.12
    # via
    #   knowlang (pyproject.toml)
    #   chromadb
    #   gradio
fastavro==1.10.0
    # via cohere
ffmpy==0.5.0
    # via gradio
filelock==3.18.0
    # via
    #   huggingface-hub
    #   torch
    #   transformers
flatbuffers==25.2.10
    # via onnxruntime
flupy==1.2.1
    # via vecs
frozenlist==1.6.0
    # via
    #   aiohttp
    #   aiosignal
fsspec==2025.3.2
    # via
    #   gradio-client
    #   huggingface-hub
    #   torch
gitdb==4.0.12
    # via gitpython
gitpython==3.1.44
    # via knowlang (pyproject.toml)
google-auth==2.40.1
    # via
    #   kubernetes
    #   pydantic-ai-slim
googleapis-common-protos==1.70.0
    # via
    #   opentelemetry-exporter-otlp-proto-grpc
    #   opentelemetry-exporter-otlp-proto-http
gradio==5.29.0
    # via knowlang (pyproject.toml)
gradio-client==1.10.0
    # via gradio
griffe==1.7.3
    # via pydantic-ai-slim
groovy==0.1.2
    # via gradio
groq==0.24.0
    # via pydantic-ai-slim
grpcio==1.71.0
    # via
    #   chromadb
    #   opentelemetry-exporter-otlp-proto-grpc
h11==0.16.0
    # via
    #   httpcore
    #   uvicorn
hf-xet==1.1.0
    # via huggingface-hub
httpcore==1.0.9
    # via httpx
httptools==0.6.4
    # via uvicorn
httpx==0.28.1
    # via
    #   anthropic
    #   chromadb
    #   cohere
    #   gradio
    #   gradio-client
    #   groq
    #   mcp
    #   mistralai
    #   ollama
    #   openai
    #   pydantic-ai-slim
    #   pydantic-graph
    #   safehttpx
httpx-sse==0.4.0
    # via
    #   cohere
    #   mcp
huggingface-hub==0.31.1
    # via
    #   gradio
    #   gradio-client
    #   sentence-transformers
    #   tokenizers
    #   transformers
humanfriendly==10.0
    # via coloredlogs
idna==3.10
    # via
    #   anyio
    #   httpx
    #   requests
    #   yarl
importlib-metadata==8.6.1
    # via opentelemetry-api
importlib-resources==6.5.2
    # via chromadb
iniconfig==2.1.0
    # via pytest
jinja2==3.1.6
    # via
    #   gradio
    #   torch
jiter==0.9.0
    # via
    #   anthropic
    #   openai
jmespath==1.0.1
    # via
    #   boto3
    #   botocore
joblib==1.5.0
    # via scikit-learn
kubernetes==32.0.1
    # via chromadb
logfire==3.15.0
    # via pydantic-ai
logfire-api==3.15.0
    # via
    #   pydantic-evals
    #   pydantic-graph
markdown-it-py==3.0.0
    # via rich
markupsafe==3.0.2
    # via
    #   gradio
    #   jinja2
mcp==1.8.0
    # via
    #   knowlang (pyproject.toml)
    #   pydantic-ai-slim
mdurl==0.1.2
    # via markdown-it-py
mistralai==1.7.0
    # via pydantic-ai-slim
mixpanel==4.10.1
    # via knowlang (pyproject.toml)
mmh3==5.1.0
    # via chromadb
mpmath==1.3.0
    # via sympy
multidict==6.4.3
    # via
    #   aiohttp
    #   yarl
networkx==3.4.2
    # via torch
numpy==2.2.5
    # via
    #   chroma-hnswlib
    #   chromadb
    #   gradio
    #   onnxruntime
    #   pandas
    #   pgvector
    #   scikit-learn
    #   scipy
    #   transformers
    #   voyageai
oauthlib==3.2.2
    # via
    #   kubernetes
    #   requests-oauthlib
ollama==0.4.8
    # via knowlang (pyproject.toml)
onnxruntime==1.22.0
    # via chromadb
openai==1.78.0
    # via pydantic-ai-slim
opentelemetry-api==1.32.1
    # via
    #   chromadb
    #   opentelemetry-exporter-otlp-proto-grpc
    #   opentelemetry-exporter-otlp-proto-http
    #   opentelemetry-instrumentation
    #   opentelemetry-instrumentation-asgi
    #   opentelemetry-instrumentation-fastapi
    #   opentelemetry-sdk
    #   opentelemetry-semantic-conventions
    #   pydantic-ai-slim
opentelemetry-exporter-otlp-proto-common==1.32.1
    # via
    #   opentelemetry-exporter-otlp-proto-grpc
    #   opentelemetry-exporter-otlp-proto-http
opentelemetry-exporter-otlp-proto-grpc==1.32.1
    # via chromadb
opentelemetry-exporter-otlp-proto-http==1.32.1
    # via logfire
opentelemetry-instrumentation==0.53b1
    # via
    #   logfire
    #   opentelemetry-instrumentation-asgi
    #   opentelemetry-instrumentation-fastapi
opentelemetry-instrumentation-asgi==0.53b1
    # via opentelemetry-instrumentation-fastapi
opentelemetry-instrumentation-fastapi==0.53b1
    # via chromadb
opentelemetry-proto==1.32.1
    # via
    #   opentelemetry-exporter-otlp-proto-common
    #   opentelemetry-exporter-otlp-proto-grpc
    #   opentelemetry-exporter-otlp-proto-http
opentelemetry-sdk==1.32.1
    # via
    #   chromadb
    #   logfire
    #   opentelemetry-exporter-otlp-proto-grpc
    #   opentelemetry-exporter-otlp-proto-http
opentelemetry-semantic-conventions==0.53b1
    # via
    #   opentelemetry-instrumentation
    #   opentelemetry-instrumentation-asgi
    #   opentelemetry-instrumentation-fastapi
    #   opentelemetry-sdk
opentelemetry-util-http==0.53b1
    # via
    #   opentelemetry-instrumentation-asgi
    #   opentelemetry-instrumentation-fastapi
orjson==3.10.18
    # via
    #   chromadb
    #   gradio
overrides==7.7.0
    # via chromadb
packaging==25.0
    # via
    #   build
    #   gradio
    #   gradio-client
    #   huggingface-hub
    #   onnxruntime
    #   opentelemetry-instrumentation
    #   pytest
    #   transformers
pandas==2.2.3
    # via gradio
pgvector==0.3.6
    # via vecs
pillow==11.2.1
    # via
    #   gradio
    #   sentence-transformers
    #   voyageai
pluggy==1.5.0
    # via pytest
posthog==4.0.1
    # via chromadb
prompt-toolkit==3.0.51
    # via pydantic-ai-slim
propcache==0.3.1
    # via
    #   aiohttp
    #   yarl
protobuf==5.29.4
    # via
    #   googleapis-common-protos
    #   logfire
    #   onnxruntime
    #   opentelemetry-proto
psycopg2-binary==2.9.10
    # via vecs
pyasn1==0.6.1
    # via
    #   pyasn1-modules
    #   rsa
pyasn1-modules==0.4.2
    # via google-auth
pydantic==2.11.4
    # via
    #   anthropic
    #   chromadb
    #   cohere
    #   fastapi
    #   gradio
    #   groq
    #   mcp
    #   mistralai
    #   ollama
    #   openai
    #   pydantic-ai-slim
    #   pydantic-evals
    #   pydantic-graph
    #   pydantic-settings
    #   voyageai
pydantic-ai==0.1.11
    # via knowlang (pyproject.toml)
pydantic-ai-slim==0.1.11
    # via
    #   pydantic-ai
    #   pydantic-evals
pydantic-core==2.33.2
    # via
    #   cohere
    #   pydantic
pydantic-evals==0.1.11
    # via pydantic-ai-slim
pydantic-graph==0.1.11
    # via pydantic-ai-slim
pydantic-settings==2.9.1
    # via
    #   knowlang (pyproject.toml)
    #   mcp
pydub==0.25.1
    # via gradio
pygments==2.19.1
    # via rich
pypika==0.48.9
    # via chromadb
pyproject-hooks==1.2.0
    # via build
pytest==8.3.5
    # via
    #   knowlang (pyproject.toml)
    #   pytest-asyncio
pytest-asyncio==0.26.0
    # via knowlang (pyproject.toml)
python-dateutil==2.9.0.post0
    # via
    #   botocore
    #   kubernetes
    #   mistralai
    #   pandas
    #   posthog
python-dotenv==1.1.0
    # via
    #   mcp
    #   pydantic-settings
    #   uvicorn
python-multipart==0.0.20
    # via
    #   gradio
    #   mcp
pytz==2025.2
    # via pandas
pyyaml==6.0.2
    # via
    #   chromadb
    #   gradio
    #   huggingface-hub
    #   kubernetes
    #   pydantic-evals
    #   transformers
    #   uvicorn
regex==2024.11.6
    # via transformers
requests==2.32.3
    # via
    #   cohere
    #   huggingface-hub
    #   kubernetes
    #   mixpanel
    #   opentelemetry-exporter-otlp-proto-http
    #   posthog
    #   pydantic-ai-slim
    #   requests-oauthlib
    #   transformers
    #   voyageai
requests-oauthlib==2.0.0
    # via kubernetes
rich==14.0.0
    # via
    #   chromadb
    #   logfire
    #   pydantic-ai-slim
    #   pydantic-evals
    #   typer
rsa==4.9.1
    # via google-auth
ruff==0.11.9
    # via gradio
s3transfer==0.12.0
    # via boto3
safehttpx==0.1.6
    # via gradio
safetensors==0.5.3
    # via transformers
scikit-learn==1.6.1
    # via sentence-transformers
scipy==1.15.3
    # via
    #   scikit-learn
    #   sentence-transformers
semantic-version==2.10.0
    # via gradio
sentence-transformers==4.1.0
    # via knowlang (pyproject.toml)
setuptools==80.4.0
    # via torch
shellingham==1.5.4
    # via typer
six==1.17.0
    # via
    #   kubernetes
    #   mixpanel
    #   posthog
    #   python-dateutil
smmap==5.0.2
    # via gitdb
sniffio==1.3.1
    # via
    #   anthropic
    #   anyio
    #   groq
    #   openai
sqlalchemy==2.0.40
    # via
    #   knowlang (pyproject.toml)
    #   vecs
sse-starlette==2.3.4
    # via
    #   knowlang (pyproject.toml)
    #   mcp
starlette==0.46.2
    # via
    #   fastapi
    #   gradio
    #   mcp
    #   sse-starlette
sympy==1.14.0
    # via
    #   onnxruntime
    #   torch
tenacity==9.1.2
    # via
    #   chromadb
    #   voyageai
threadpoolctl==3.6.0
    # via scikit-learn
tokenizers==0.21.1
    # via
    #   chromadb
    #   cohere
    #   transformers
    #   voyageai
tomlkit==0.13.2
    # via gradio
torch==2.7.0
    # via
    #   knowlang (pyproject.toml)
    #   sentence-transformers
tqdm==4.67.1
    # via
    #   chromadb
    #   huggingface-hub
    #   openai
    #   sentence-transformers
    #   transformers
transformers==4.51.3
    # via
    #   knowlang (pyproject.toml)
    #   sentence-transformers
tree-sitter==0.24.0
    # via knowlang (pyproject.toml)
tree-sitter-cpp==0.23.4
    # via knowlang (pyproject.toml)
tree-sitter-python==0.23.6
    # via knowlang (pyproject.toml)
tree-sitter-typescript==0.23.2
    # via knowlang (pyproject.toml)
typer==0.15.3
    # via
    #   chromadb
    #   gradio
    #   mcp
types-requests==2.32.0.20250328
    # via cohere
typing-extensions==4.13.2
    # via
    #   anthropic
    #   anyio
    #   chromadb
    #   cohere
    #   fastapi
    #   flupy
    #   gradio
    #   gradio-client
    #   groq
    #   huggingface-hub
    #   logfire
    #   openai
    #   opentelemetry-sdk
    #   pydantic
    #   pydantic-core
    #   sentence-transformers
    #   sqlalchemy
    #   torch
    #   typer
    #   typing-inspection
typing-inspection==0.4.0
    # via
    #   mistralai
    #   pydantic
    #   pydantic-ai-slim
    #   pydantic-graph
    #   pydantic-settings
tzdata==2025.2
    # via pandas
urllib3==2.4.0
    # via
    #   botocore
    #   kubernetes
    #   mixpanel
    #   requests
    #   types-requests
uvicorn==0.34.2
    # via
    #   chromadb
    #   gradio
    #   mcp
uvloop==0.21.0
    # via uvicorn
vecs==0.4.5
    # via knowlang (pyproject.toml)
voyageai==0.3.2
    # via knowlang (pyproject.toml)
watchfiles==1.0.5
    # via uvicorn
wcwidth==0.2.13
    # via prompt-toolkit
websocket-client==1.8.0
    # via kubernetes
websockets==15.0.1
    # via
    #   gradio-client
    #   uvicorn
wrapt==1.17.2
    # via
    #   deprecated
    #   opentelemetry-instrumentation
yarl==1.20.0
    # via aiohttp
zipp==3.21.0
    # via importlib-metadata
